version = 1
revision = 3
requires-python = ">=3.11"

[[package]]
name = "sf-solutions"
version = "0.1.0"
source = { virtual = "." }
dependencies = [
    { name = "sqruff" },
]

[package.dev-dependencies]
dev = [
    { name = "sqruff" },
]

[package.metadata]
requires-dist = [{ name = "sqruff", specifier = ">=0.38.0" }]

[package.metadata.requires-dev]
dev = [{ name = "sqruff", specifier = ">=0.38.0" }]

[[package]]
name = "sqruff"
version = "0.38.0"
source = { registry = "https://pypi.org/simple" }
sdist = { url = "https://files.pythonhosted.org/packages/c1/35/09c3e42b600cae5eed99f5bcda5cf618661f4ecc9fe5ef8884bced29895b/sqruff-0.38.0.tar.gz", hash = "sha256:96ec1331e5f543f1037f666248c113500d81f50565f74fe7f3042813f8a2a225", size = 1080353, upload-time = "2026-04-12T19:44:31.528Z" }
wheels = [
    { url = "https://files.pythonhosted.org/packages/b9/e6/78e63cf5ec69c742b53727e117db124a54c94813c26821dd8694ad84489b/sqruff-0.38.0-cp313-cp313t-macosx_10_12_x86_64.whl", hash = "sha256:0c064c4ce5c14f664751832c5808077e9b95f281f621feae52a6ed4fc11b2322", size = 6080237, upload-time = "2026-04-12T19:44:15.501Z" },
    { url = "https://files.pythonhosted.org/packages/37/e5/293f46a828aed9378196386e1e01841b1ad126dd26c23dd147d4099cff28/sqruff-0.38.0-cp313-cp313t-macosx_11_0_arm64.whl", hash = "sha256:a9a94b9d4dd1ea8be0763edd82bbad65318ac984c64db8c2a858fa70e64069ae", size = 5573287, upload-time = "2026-04-12T19:44:12.258Z" },
    { url = "https://files.pythonhosted.org/packages/83/72/c05b0b891a5b4e127282d86c7ba04d97c94ecd73c3d18cf214243f6d3034/sqruff-0.38.0-cp313-cp313t-manylinux_2_12_i686.manylinux2010_i686.whl", hash = "sha256:6ce8d30c35f80b2dc3d9b50ea969a29673a9da1bc854c96549b5b93dcc595aa0", size = 5918729, upload-time = "2026-04-12T19:44:05.911Z" },
    { url = "https://files.pythonhosted.org/packages/13/37/672d862d656084cb01e9da8f00791ccfbe6cfd304d38c1b773cdfc6079e8/sqruff-0.38.0-cp313-cp313t-manylinux_2_17_aarch64.manylinux2014_aarch64.whl", hash = "sha256:81e64a426782dfbdfcb08c22c5df23dfb15afb0643481dd5f542f023a786b2de", size = 6075483, upload-time = "2026-04-12T19:43:55.926Z" },
    { url = "https://files.pythonhosted.org/packages/6a/67/51c5821e63fb0b918dacf971d5bbc4a76524a554534df82c41c9bec7a40d/sqruff-0.38.0-cp313-cp313t-manylinux_2_17_armv7l.manylinux2014_armv7l.whl", hash = "sha256:0706048e367ae0ea4fbbe928b06b5d64c8966c616f778ab2ffa82d1219f00e09", size = 6799280, upload-time = "2026-04-12T19:43:59.431Z" },
    { url = "https://files.pythonhosted.org/packages/b5/31/72f6cfc68f78c310bb21b3875c97e085609d04fe30ce7f96d727922a2be9/sqruff-0.38.0-cp313-cp313t-manylinux_2_17_ppc64le.manylinux2014_ppc64le.whl", hash = "sha256:e583b6f9c2294b56a568e006ac9607a7dc44190dba3f7e853ae3efb8a4617987", size = 6654411, upload-time = "2026-04-12T19:44:02.764Z" },
    { url = "https://files.pythonhosted.org/packages/e7/a7/852ba874026b4ecc7cb1efc33357041a9759632081c7c8c6e9470087fb42/sqruff-0.38.0-cp313-cp313t-manylinux_2_17_x86_64.manylinux2014_x86_64.whl", hash = "sha256:cb7a5fcee7da7e545bfd50f0ecff62bc49791c1f8ea1e36ad7b7fea95472fb7e", size = 6191743, upload-time = "2026-04-12T19:44:09.109Z" },
    { url = "https://files.pythonhosted.org/packages/55/06/a7e5e1bba2a083fbabf4949cb69703862837250c7dae4419d6865e382d65/sqruff-0.38.0-cp313-cp313t-musllinux_1_2_aarch64.whl", hash = "sha256:cd61bc386a0946172461777bbd2e926c6ea78aae300e4b2d449d15f1463d03dc", size = 6250251, upload-time = "2026-04-12T19:44:18.645Z" },
    { url = "https://files.pythonhosted.org/packages/1e/80/8c18b504a9ba3b2a54c95194c70017ba51d203c29117114f85c43b359397/sqruff-0.38.0-cp313-cp313t-musllinux_1_2_armv7l.whl", hash = "sha256:fd0e1cc679826cce76e681b29912c4322f8f7721c9477fa525d4d94dba314972", size = 7066227, upload-time = "2026-04-12T19:44:21.866Z" },
    { url = "https://files.pythonhosted.org/packages/e7/81/4f614dd06751ae6c10008dd38ca95cdcb375dc316bbf178ce9605c4c05f5/sqruff-0.38.0-cp313-cp313t-musllinux_1_2_i686.whl", hash = "sha256:9e3c7e91d824d29ad3bc69dfc00fd275e1d4be697e241b7b1c918893df396ffe", size = 5906882, upload-time = "2026-04-12T19:44:25.158Z" },
    { url = "https://files.pythonhosted.org/packages/fd/ee/d70b3048c33007a3c7748d153f8dc8ef8cec42a320e55f366557bac293dc/sqruff-0.38.0-cp313-cp313t-musllinux_1_2_x86_64.whl", hash = "sha256:f246446d1e5472143b5660061ab42682a58b09273a38c9aa6f91d32eb24ad19b", size = 6390914, upload-time = "2026-04-12T19:44:28.617Z" },
    { url = "https://files.pythonhosted.org/packages/17/45/993d88218301032baad16ad67355c4a9a45a439c2fa845cfc6640c6eae4c/sqruff-0.38.0-cp313-cp313t-win32.whl", hash = "sha256:a24bb97efd0f511692cad38e2b702720743d8d559c4682f982771abc66d27400", size = 4767009, upload-time = "2026-04-12T19:44:36.389Z" },
    { url = "https://files.pythonhosted.org/packages/5e/b9/02fd01a8d8f508f47bb9a27e73f60110a77349ced75d194673e7271a0005/sqruff-0.38.0-cp313-cp313t-win_amd64.whl", hash = "sha256:38168c2093fb4299f6c809a9fcb7c2763dd7f5ec7086803a69120f5684739359", size = 6536919, upload-time = "2026-04-12T19:44:32.916Z" },
    { url = "https://files.pythonhosted.org/packages/13/8a/9bdbf9d5633c9030455b914c2a92b72896e95c8d96b2de7116e2525b4e6b/sqruff-0.38.0-cp38-abi3-macosx_10_12_x86_64.whl", hash = "sha256:2c6ca5ad7d2839385cc95b9cca8d593332dfc5287d88edb1a559a60d608dec51", size = 6083182, upload-time = "2026-04-12T19:44:16.972Z" },
    { url = "https://files.pythonhosted.org/packages/ab/bd/37eed4463110a6fce0e7da7253872fd37d921c679a96662ebe90049bcb53/sqruff-0.38.0-cp38-abi3-macosx_11_0_arm64.whl", hash = "sha256:cfc887b1021ff2d0ab6e2e8249839c78493f9c5d72ea6eabf77801c2cb95b9cc", size = 5573935, upload-time = "2026-04-12T19:44:13.721Z" },
    { url = "https://files.pythonhosted.org/packages/7a/e9/36dc3444a25b0f92c65391bb3ab7bd18ce166f0251da6d4f6bd10711caf0/sqruff-0.38.0-cp38-abi3-manylinux_2_12_i686.manylinux2010_i686.whl", hash = "sha256:efcece7e135c358dfb86c1780400b322845c95182c289e6a871e8f5db14b9b99", size = 5919844, upload-time = "2026-04-12T19:44:07.389Z" },
    { url = "https://files.pythonhosted.org/packages/bd/e3/bf23893bb81b14b368eeafab9d8197cbd6cba3bb942ad8c19b1f0c4b54e7/sqruff-0.38.0-cp38-abi3-manylinux_2_17_aarch64.manylinux2014_aarch64.whl", hash = "sha256:f161e9d8e0dea3ff734b1c0b61b3ec73ffed0d4cc61039dc1d813d39510a98ae", size = 6078435, upload-time = "2026-04-12T19:43:57.65Z" },
    { url = "https://files.pythonhosted.org/packages/a6/8b/4f7d0e3021cdaf1c95100ad602a215e9bae798e576a483b6c15d4e033bae/sqruff-0.38.0-cp38-abi3-manylinux_2_17_armv7l.manylinux2014_armv7l.whl", hash = "sha256:7bb2c8bbbcc774d607fc766785849d332b33c7c15d3fa64910be7eaa2c99c1d0", size = 6800224, upload-time = "2026-04-12T19:44:00.991Z" },
    { url = "https://files.pythonhosted.org/packages/15/e5/7df79231e847a0bcc7874046e6e32cd7bf3829993b81b4cd4c990091e807/sqruff-0.38.0-cp38-abi3-manylinux_2_17_ppc64le.manylinux2014_ppc64le.whl", hash = "sha256:401af12d69fa720af51338526efcbf3811cdf5a0e3ffe80b969a63af387eb5fa", size = 6654937, upload-time = "2026-04-12T19:44:04.386Z" },
    { url = "https://files.pythonhosted.org/packages/23/0f/6e3e4d28d2e8a0dad2e74d026ea2bb6d1886cc8fb2e5105a044ad777c0a4/sqruff-0.38.0-cp38-abi3-manylinux_2_17_x86_64.manylinux2014_x86_64.whl", hash = "sha256:6d0958f66f31a8843981cb18b81e9f9a3d4c4dc06860613c0c299d468094bda8", size = 6192377, upload-time = "2026-04-12T19:44:10.677Z" },
    { url = "https://files.pythonhosted.org/packages/4b/5c/c52962d2c24c05ea0f7a5221bafe2e4c96f7958c8df5ad9e0a5741389782/sqruff-0.38.0-cp38-abi3-musllinux_1_2_aarch64.whl", hash = "sha256:d231c5477ef356b02e5ed579e96577e2bf8716d1fe25fc7fd8e8b912b17aa6be", size = 6253298, upload-time = "2026-04-12T19:44:20.075Z" },
    { url = "https://files.pythonhosted.org/packages/b9/15/f7082a6dcd22e92343cf92b89544eec194b15f54ed34c72582a6f44172a4/sqruff-0.38.0-cp38-abi3-musllinux_1_2_armv7l.whl", hash = "sha256:b3a46c779a86734e422ffc6da8c94906d189e094c9b776bb6e24a086b2152090", size = 7067093, upload-time = "2026-04-12T19:44:23.348Z" },
    { url = "https://files.pythonhosted.org/packages/54/17/22cd679a2e94c5d40184b666362a50e3a79dd7111784f64283a88665b1aa/sqruff-0.38.0-cp38-abi3-musllinux_1_2_i686.whl", hash = "sha256:fea5d17481bcc294e39f549ec8cceebf3393f5c20b98aa4f44b6df76990ff619", size = 5908831, upload-time = "2026-04-12T19:44:26.859Z" },
    { url = "https://files.pythonhosted.org/packages/80/62/e04d7823752a62d6afc3d4441921bf5c0db45f10aefc81bd2285085d04e3/sqruff-0.38.0-cp38-abi3-musllinux_1_2_x86_64.whl", hash = "sha256:e4771308ea7fca1df8ec672f1a201c11578c5f655c4a1fc0c5d5925adab36253", size = 6392077, upload-time = "2026-04-12T19:44:30.059Z" },
    { url = "https://files.pythonhosted.org/packages/1f/39/f50f4579d6a2f030c1b499c967c96290e8bf795b07772297b71f5e051ecb/sqruff-0.38.0-cp38-abi3-win32.whl", hash = "sha256:dc57fe888feeea88939e05452c795599e66b04247bb7c671d5377494d758a970", size = 4771787, upload-time = "2026-04-12T19:44:37.839Z" },
    { url = "https://files.pythonhosted.org/packages/15/19/cf8ebbe63c45994a6da772ac91626386eb86769fa91190fafba29ad36a28/sqruff-0.38.0-cp38-abi3-win_amd64.whl", hash = "sha256:370efcc356043b1d9b81e7dd52e5a67bdd78d97c30b490329c68f576788b40ca", size = 6539637, upload-time = "2026-04-12T19:44:34.988Z" },
]
